{"version":4,"terraform_version":"1.8.7","serial":4,"lineage":"3b40404c-6386-5f7b-4396-1d7ef316055f","outputs":{},"resources":[{"mode":"managed","type":"docker_container","name":"mysql","provider":"provider[\"registry.opentofu.org/kreuzwerker/docker\"]","instances":[{"schema_version":2,"attributes":{"attach":false,"bridge":"","capabilities":[],"cgroupns_mode":null,"command":["mysqld"],"container_logs":null,"container_read_refresh_timeout_milliseconds":15000,"cpu_set":"","cpu_shares":0,"destroy_grace_seconds":null,"devices":[],"dns":null,"dns_opts":null,"dns_search":null,"domainname":"","entrypoint":["docker-entrypoint.sh"],"env":["MYSQL_DATABASE=wordpress","MYSQL_PASSWORD=wordpresspassword","MYSQL_ROOT_PASSWORD=rootpassword","MYSQL_USER=wordpress"],"exit_code":null,"gpus":null,"group_add":null,"healthcheck":null,"host":[],"hostname":"6a4104d8604c","id":"6a4104d8604cd263bd0fba724017b9e017cf85b8f12ae21ae9880eac13bd81cd","image":"sha256:5107333e08a87b836d48ff7528b1e84b9c86781cc9f1748bbc1b8c42a870d933","init":false,"ipc_mode":"private","labels":[],"log_driver":"json-file","log_opts":null,"logs":false,"max_retry_count":0,"memory":0,"memory_swap":0,"mounts":[],"must_run":true,"name":"mysql-container","network_data":[{"gateway":"172.17.0.1","global_ipv6_address":"","global_ipv6_prefix_length":0,"ip_address":"172.17.0.2","ip_prefix_length":16,"ipv6_gateway":"","mac_address":"02:42:ac:11:00:02","network_name":"bridge"}],"network_mode":"bridge","networks_advanced":[],"pid_mode":"","ports":[{"external":3306,"internal":3306,"ip":"0.0.0.0","protocol":"tcp"}],"privileged":false,"publish_all_ports":false,"read_only":false,"remove_volumes":true,"restart":"no","rm":false,"runtime":"runc","security_opts":[],"shm_size":64,"start":true,"stdin_open":false,"stop_signal":"","stop_timeout":0,"storage_opts":null,"sysctls":null,"tmpfs":null,"tty":false,"ulimit":[],"upload":[],"user":"","userns_mode":"","volumes":[],"wait":false,"wait_timeout":60,"working_dir":""},"sensitive_attributes":[],"private":"eyJzY2hlbWFfdmVyc2lvbiI6IjIifQ==","dependencies":["docker_image.mysql"]}]},{"mode":"managed","type":"docker_container","name":"wordpress","provider":"provider[\"registry.opentofu.org/kreuzwerker/docker\"]","instances":[{"schema_version":2,"attributes":{"attach":false,"bridge":"","capabilities":[],"cgroupns_mode":null,"command":["apache2-foreground"],"container_logs":null,"container_read_refresh_timeout_milliseconds":15000,"cpu_set":"","cpu_shares":0,"destroy_grace_seconds":null,"devices":[],"dns":null,"dns_opts":null,"dns_search":null,"domainname":"","entrypoint":["docker-entrypoint.sh"],"env":["WORDPRESS_DB_HOST=mysql-container:3306","WORDPRESS_DB_NAME=wordpress","WORDPRESS_DB_PASSWORD=wordpresspassword","WORDPRESS_DB_USER=wordpress"],"exit_code":null,"gpus":null,"group_add":null,"healthcheck":null,"host":[],"hostname":"fcce6d1b2d43","id":"fcce6d1b2d431086e68068120997d7dfb4ac24a1870334b1d1c24af0de18872a","image":"sha256:c89b40a25cd1458f0a508bc55a7926fc3fba25d6db8b45c5f2a8e42f1e89a2ce","init":false,"ipc_mode":"private","labels":[],"log_driver":"json-file","log_opts":null,"logs":false,"max_retry_count":0,"memory":0,"memory_swap":0,"mounts":[],"must_run":true,"name":"wordpress-container","network_data":[{"gateway":"172.17.0.1","global_ipv6_address":"","global_ipv6_prefix_length":0,"ip_address":"172.17.0.3","ip_prefix_length":16,"ipv6_gateway":"","mac_address":"02:42:ac:11:00:03","network_name":"bridge"}],"network_mode":"bridge","networks_advanced":[],"pid_mode":"","ports":[{"external":8080,"internal":80,"ip":"0.0.0.0","protocol":"tcp"}],"privileged":false,"publish_all_ports":false,"read_only":false,"remove_volumes":true,"restart":"no","rm":false,"runtime":"runc","security_opts":[],"shm_size":64,"start":true,"stdin_open":false,"stop_signal":"SIGWINCH","stop_timeout":0,"storage_opts":null,"sysctls":null,"tmpfs":null,"tty":false,"ulimit":[],"upload":[],"user":"","userns_mode":"","volumes":[],"wait":false,"wait_timeout":60,"working_dir":"/var/www/html"},"sensitive_attributes":[],"private":"eyJzY2hlbWFfdmVyc2lvbiI6IjIifQ==","dependencies":["docker_container.mysql","docker_image.mysql","docker_image.wordpress"]}]},{"mode":"managed","type":"docker_image","name":"mysql","provider":"provider[\"registry.opentofu.org/kreuzwerker/docker\"]","instances":[{"schema_version":0,"attributes":{"build":[],"force_remove":null,"id":"sha256:5107333e08a87b836d48ff7528b1e84b9c86781cc9f1748bbc1b8c42a870d933mysql:5.7","image_id":"sha256:5107333e08a87b836d48ff7528b1e84b9c86781cc9f1748bbc1b8c42a870d933","keep_locally":null,"name":"mysql:5.7","platform":null,"pull_triggers":null,"repo_digest":"mysql@sha256:4bc6bc963e6d8443453676cae56536f4b8156d78bae03c0145cbe47c2aad73bb","triggers":null},"sensitive_attributes":[],"private":"bnVsbA=="}]},{"mode":"managed","type":"docker_image","name":"wordpress","provider":"provider[\"registry.opentofu.org/kreuzwerker/docker\"]","instances":[{"schema_version":0,"attributes":{"build":[],"force_remove":null,"id":"sha256:c89b40a25cd1458f0a508bc55a7926fc3fba25d6db8b45c5f2a8e42f1e89a2cewordpress:latest","image_id":"sha256:c89b40a25cd1458f0a508bc55a7926fc3fba25d6db8b45c5f2a8e42f1e89a2ce","keep_locally":null,"name":"wordpress:latest","platform":null,"pull_triggers":null,"repo_digest":"wordpress@sha256:2f3572d5cd722489fe47d59ed45d947dc9507f5a019eb0567ddf24aedf9257ed","triggers":null},"sensitive_attributes":[],"private":"bnVsbA=="}]}],"check_results":null}
