{"version":4,"terraform_version":"1.8.7","serial":19,"lineage":"3b40404c-6386-5f7b-4396-1d7ef316055f","outputs":{},"resources":[{"module":"module.mysql","mode":"managed","type":"docker_container","name":"mysql","provider":"provider[\"registry.opentofu.org/kreuzwerker/docker\"]","instances":[{"schema_version":2,"attributes":{"attach":false,"bridge":"","capabilities":[],"cgroupns_mode":null,"command":["mysqld"],"container_logs":null,"container_read_refresh_timeout_milliseconds":15000,"cpu_set":"","cpu_shares":0,"destroy_grace_seconds":null,"devices":[],"dns":null,"dns_opts":null,"dns_search":null,"domainname":"","entrypoint":["docker-entrypoint.sh"],"env":["MYSQL_DATABASE=wordpress","MYSQL_PASSWORD=wordpresspassword","MYSQL_ROOT_PASSWORD=rootpassword","MYSQL_USER=wordpress"],"exit_code":null,"gpus":null,"group_add":null,"healthcheck":null,"host":[],"hostname":"e03a18570b2b","id":"e03a18570b2b677c15ec7fa493f86114a861f5fe35159323938068b7941646cb","image":"sha256:5107333e08a87b836d48ff7528b1e84b9c86781cc9f1748bbc1b8c42a870d933","init":false,"ipc_mode":"private","labels":[],"log_driver":"json-file","log_opts":null,"logs":false,"max_retry_count":0,"memory":0,"memory_swap":0,"mounts":[],"must_run":true,"name":"mysql-container","network_data":[{"gateway":"172.28.0.1","global_ipv6_address":"","global_ipv6_prefix_length":0,"ip_address":"172.28.0.2","ip_prefix_length":16,"ipv6_gateway":"","mac_address":"02:42:ac:1c:00:02","network_name":"wordpress_network"}],"network_mode":"bridge","networks_advanced":[{"aliases":[],"ipv4_address":"","ipv6_address":"","name":"wordpress_network"}],"pid_mode":"","ports":[{"external":3306,"internal":3306,"ip":"0.0.0.0","protocol":"tcp"}],"privileged":false,"publish_all_ports":false,"read_only":false,"remove_volumes":true,"restart":"no","rm":false,"runtime":"runc","security_opts":[],"shm_size":64,"start":true,"stdin_open":false,"stop_signal":"","stop_timeout":0,"storage_opts":null,"sysctls":null,"tmpfs":null,"tty":false,"ulimit":[],"upload":[],"user":"","userns_mode":"","volumes":[],"wait":false,"wait_timeout":60,"working_dir":""},"sensitive_attributes":[],"private":"eyJzY2hlbWFfdmVyc2lvbiI6IjIifQ==","dependencies":["module.mysql.docker_image.mysql","module.mysql.docker_network.wordpress_network"]}]},{"module":"module.mysql","mode":"managed","type":"docker_image","name":"mysql","provider":"provider[\"registry.opentofu.org/kreuzwerker/docker\"]","instances":[{"schema_version":0,"attributes":{"build":[],"force_remove":null,"id":"sha256:5107333e08a87b836d48ff7528b1e84b9c86781cc9f1748bbc1b8c42a870d933mysql:5.7","image_id":"sha256:5107333e08a87b836d48ff7528b1e84b9c86781cc9f1748bbc1b8c42a870d933","keep_locally":null,"name":"mysql:5.7","platform":null,"pull_triggers":null,"repo_digest":"mysql@sha256:4bc6bc963e6d8443453676cae56536f4b8156d78bae03c0145cbe47c2aad73bb","triggers":null},"sensitive_attributes":[],"private":"bnVsbA=="}]},{"module":"module.mysql","mode":"managed","type":"docker_network","name":"wordpress_network","provider":"provider[\"registry.opentofu.org/kreuzwerker/docker\"]","instances":[{"schema_version":1,"attributes":{"attachable":false,"check_duplicate":null,"driver":"bridge","id":"c09f8b5f6346761bf2331127d0c24f69a87e90d6b4b138b99b79a1df9d971e23","ingress":false,"internal":false,"ipam_config":[{"aux_address":{},"gateway":"172.28.0.1","ip_range":"","subnet":"172.28.0.0/16"}],"ipam_driver":"default","ipam_options":{},"ipv6":false,"labels":[],"name":"wordpress_network","options":{},"scope":"local"},"sensitive_attributes":[],"private":"eyJzY2hlbWFfdmVyc2lvbiI6IjEifQ=="}]},{"module":"module.nginx","mode":"managed","type":"docker_container","name":"nginx","provider":"provider[\"registry.opentofu.org/kreuzwerker/docker\"]","instances":[{"status":"tainted","schema_version":2,"attributes":{"attach":false,"bridge":null,"capabilities":[],"cgroupns_mode":null,"command":null,"container_logs":null,"container_read_refresh_timeout_milliseconds":15000,"cpu_set":null,"cpu_shares":null,"destroy_grace_seconds":null,"devices":[],"dns":null,"dns_opts":null,"dns_search":null,"domainname":null,"entrypoint":null,"env":[],"exit_code":null,"gpus":null,"group_add":null,"healthcheck":null,"host":[],"hostname":null,"id":"59a819464c5b6438dad3724fd8ccb8bdb5f7e16d45bc8683bb4c6e7c7ad220d3","image":"nginx:latest","init":null,"ipc_mode":null,"labels":[],"log_driver":null,"log_opts":null,"logs":false,"max_retry_count":null,"memory":null,"memory_swap":null,"mounts":[],"must_run":true,"name":"nginx-container","network_data":null,"network_mode":null,"networks_advanced":[{"aliases":[],"ipv4_address":"","ipv6_address":"","name":"wordpress_network"}],"pid_mode":null,"ports":[{"external":80,"internal":80,"ip":"0.0.0.0","protocol":"tcp"}],"privileged":null,"publish_all_ports":null,"read_only":false,"remove_volumes":true,"restart":"no","rm":false,"runtime":null,"security_opts":[],"shm_size":null,"start":true,"stdin_open":false,"stop_signal":null,"stop_timeout":null,"storage_opts":null,"sysctls":null,"tmpfs":null,"tty":false,"ulimit":[],"upload":[],"user":null,"userns_mode":null,"volumes":[{"container_path":"/etc/nginx/nginx.conf","from_container":"","host_path":"/nginx/nginx.conf","read_only":true,"volume_name":""}],"wait":false,"wait_timeout":60,"working_dir":null},"sensitive_attributes":[],"private":"eyJzY2hlbWFfdmVyc2lvbiI6IjIifQ==","dependencies":["module.mysql.docker_container.mysql","module.mysql.docker_image.mysql","module.mysql.docker_network.wordpress_network","module.nginx.docker_image.nginx","module.wordpress.docker_container.wordpress","module.wordpress.docker_image.wordpress"]}]},{"module":"module.nginx","mode":"managed","type":"docker_image","name":"nginx","provider":"provider[\"registry.opentofu.org/kreuzwerker/docker\"]","instances":[{"schema_version":0,"attributes":{"build":[],"force_remove":null,"id":"sha256:66f8bdd3810c96dc5c28aec39583af731b34a2cd99471530f53c8794ed5b423enginx:latest","image_id":"sha256:66f8bdd3810c96dc5c28aec39583af731b34a2cd99471530f53c8794ed5b423e","keep_locally":null,"name":"nginx:latest","platform":null,"pull_triggers":null,"repo_digest":"nginx@sha256:fb197595ebe76b9c0c14ab68159fd3c08bd067ec62300583543f0ebda353b5be","triggers":null},"sensitive_attributes":[],"private":"bnVsbA=="}]},{"module":"module.wordpress","mode":"managed","type":"docker_container","name":"wordpress","provider":"provider[\"registry.opentofu.org/kreuzwerker/docker\"]","instances":[{"schema_version":2,"attributes":{"attach":false,"bridge":"","capabilities":[],"cgroupns_mode":null,"command":["apache2-foreground"],"container_logs":null,"container_read_refresh_timeout_milliseconds":15000,"cpu_set":"","cpu_shares":0,"destroy_grace_seconds":null,"devices":[],"dns":null,"dns_opts":null,"dns_search":null,"domainname":"","entrypoint":["docker-entrypoint.sh"],"env":["WORDPRESS_DB_HOST=mysql-container:3306","WORDPRESS_DB_NAME=wordpress","WORDPRESS_DB_PASSWORD=wordpresspassword","WORDPRESS_DB_USER=wordpress"],"exit_code":null,"gpus":null,"group_add":null,"healthcheck":null,"host":[],"hostname":"734a15dc9e25","id":"734a15dc9e25485759b0cd9609b338c43af53500f89b54f626c955496ee163ad","image":"sha256:c89b40a25cd1458f0a508bc55a7926fc3fba25d6db8b45c5f2a8e42f1e89a2ce","init":false,"ipc_mode":"private","labels":[],"log_driver":"json-file","log_opts":null,"logs":false,"max_retry_count":0,"memory":0,"memory_swap":0,"mounts":[],"must_run":true,"name":"wordpress-container","network_data":[{"gateway":"172.28.0.1","global_ipv6_address":"","global_ipv6_prefix_length":0,"ip_address":"172.28.0.3","ip_prefix_length":16,"ipv6_gateway":"","mac_address":"02:42:ac:1c:00:03","network_name":"wordpress_network"}],"network_mode":"bridge","networks_advanced":[{"aliases":[],"ipv4_address":"","ipv6_address":"","name":"wordpress_network"}],"pid_mode":"","ports":[{"external":8080,"internal":80,"ip":"0.0.0.0","protocol":"tcp"}],"privileged":false,"publish_all_ports":false,"read_only":false,"remove_volumes":true,"restart":"no","rm":false,"runtime":"runc","security_opts":[],"shm_size":64,"start":true,"stdin_open":false,"stop_signal":"SIGWINCH","stop_timeout":0,"storage_opts":null,"sysctls":null,"tmpfs":null,"tty":false,"ulimit":[],"upload":[],"user":"","userns_mode":"","volumes":[],"wait":false,"wait_timeout":60,"working_dir":"/var/www/html"},"sensitive_attributes":[],"private":"eyJzY2hlbWFfdmVyc2lvbiI6IjIifQ==","dependencies":["module.mysql.docker_container.mysql","module.mysql.docker_image.mysql","module.mysql.docker_network.wordpress_network","module.wordpress.docker_image.wordpress"]}]},{"module":"module.wordpress","mode":"managed","type":"docker_image","name":"wordpress","provider":"provider[\"registry.opentofu.org/kreuzwerker/docker\"]","instances":[{"schema_version":0,"attributes":{"build":[],"force_remove":null,"id":"sha256:c89b40a25cd1458f0a508bc55a7926fc3fba25d6db8b45c5f2a8e42f1e89a2cewordpress:latest","image_id":"sha256:c89b40a25cd1458f0a508bc55a7926fc3fba25d6db8b45c5f2a8e42f1e89a2ce","keep_locally":null,"name":"wordpress:latest","platform":null,"pull_triggers":null,"repo_digest":"wordpress@sha256:2f3572d5cd722489fe47d59ed45d947dc9507f5a019eb0567ddf24aedf9257ed","triggers":null},"sensitive_attributes":[],"private":"bnVsbA=="}]}],"check_results":null}
